
Microsoft Visual Studio Solution File, Format Version 12.00
# Visual Studio 15
VisualStudioVersion = 15.0.27130.2026
MinimumVisualStudioVersion = 10.0.40219.1
Project("{2150E333-8FDC-42A3-9474-1A3956D46DE8}") = "Api", "Api", "{516A9240-89D4-46A6-971C-2CF79DB281CA}"
EndProject
Project("{2150E333-8FDC-42A3-9474-1A3956D46DE8}") = "Common", "Common", "{D8382ECF-24DD-4B47-BF63-9B5D8A525673}"
EndProject
Project("{2150E333-8FDC-42A3-9474-1A3956D46DE8}") = "Core", "Core", "{E6AED811-2D98-4973-8936-1207EC3E134C}"
EndProject
Project("{2150E333-8FDC-42A3-9474-1A3956D46DE8}") = "Variable", "Variable", "{14256675-5CBC-448B-84AD-0386719F507A}"
EndProject
Project("{2150E333-8FDC-42A3-9474-1A3956D46DE8}") = "Web", "Web", "{8DE9EF23-07AA-4A51-95FE-B2A4394EE5F8}"
EndProject
Project("{FAE04EC0-301F-11D3-BF4B-00C04F79EFBC}") = "Variable", "Variable\Variable\Variable.csproj", "{462C3A7F-A71F-4A3E-8245-834362B8D192}"
EndProject
Project("{2150E333-8FDC-42A3-9474-1A3956D46DE8}") = "Dao", "Dao", "{DC0E64D3-A9D4-46C3-861F-41EE73005B2A}"
EndProject
Project("{2150E333-8FDC-42A3-9474-1A3956D46DE8}") = "Model", "Model", "{BA2E0F7F-3E3A-4933-822F-5FF45203DF0E}"
EndProject
Project("{2150E333-8FDC-42A3-9474-1A3956D46DE8}") = "Service", "Service", "{FC152C24-A355-4674-A513-D18F73930428}"
EndProject
Project("{9A19103F-16F7-4668-BE54-9A1E7A4F7556}") = "MDES.Api", "Api\MDES.Api\MDES.Api.csproj", "{F6005FFF-6BB2-41D7-AEAE-7EDC3C4FF382}"
EndProject
Project("{2150E333-8FDC-42A3-9474-1A3956D46DE8}") = "Job", "Job", "{34BE1A67-1484-472D-AC5E-3B14C62CB83D}"
EndProject
Project("{9A19103F-16F7-4668-BE54-9A1E7A4F7556}") = "MDES.Api.Server", "Core\Service\MDES.Api.Server\MDES.Api.Server.csproj", "{C479288A-819B-41BC-AF2D-9C7ECA2287B3}"
EndProject
Project("{9A19103F-16F7-4668-BE54-9A1E7A4F7556}") = "MDES.Api.Dao", "Core\Dao\MDES.Api.Dao\MDES.Api.Dao.csproj", "{C9F16D5C-42B0-4CCA-8E53-EA44AD23158D}"
EndProject
Project("{9A19103F-16F7-4668-BE54-9A1E7A4F7556}") = "MDES.Api.Model", "Core\Model\MDES.Api.Model\MDES.Api.Model.csproj", "{BD876DAB-772E-4B79-8BD0-CA10B7C26F70}"
EndProject
Project("{9A19103F-16F7-4668-BE54-9A1E7A4F7556}") = "Common.Utility", "Common\Common.Utility\Common.Utility.csproj", "{433A7C82-CC17-4CCA-99CA-2003DBED0EB2}"
EndProject
Project("{FAE04EC0-301F-11D3-BF4B-00C04F79EFBC}") = "ScheduleJob", "Job\ScheduleJob\ScheduleJob.csproj", "{0788F99D-A6B5-4C8A-91BE-F0B9D21BB854}"
EndProject
Global
	GlobalSection(SolutionConfigurationPlatforms) = preSolution
		Debug|Any CPU = Debug|Any CPU
		Release|Any CPU = Release|Any CPU
	EndGlobalSection
	GlobalSection(ProjectConfigurationPlatforms) = postSolution
		{462C3A7F-A71F-4A3E-8245-834362B8D192}.Debug|Any CPU.ActiveCfg = Debug|Any CPU
		{462C3A7F-A71F-4A3E-8245-834362B8D192}.Debug|Any CPU.Build.0 = Debug|Any CPU
		{462C3A7F-A71F-4A3E-8245-834362B8D192}.Release|Any CPU.ActiveCfg = Release|Any CPU
		{462C3A7F-A71F-4A3E-8245-834362B8D192}.Release|Any CPU.Build.0 = Release|Any CPU
		{F6005FFF-6BB2-41D7-AEAE-7EDC3C4FF382}.Debug|Any CPU.ActiveCfg = Debug|Any CPU
		{F6005FFF-6BB2-41D7-AEAE-7EDC3C4FF382}.Debug|Any CPU.Build.0 = Debug|Any CPU
		{F6005FFF-6BB2-41D7-AEAE-7EDC3C4FF382}.Release|Any CPU.ActiveCfg = Release|Any CPU
		{F6005FFF-6BB2-41D7-AEAE-7EDC3C4FF382}.Release|Any CPU.Build.0 = Release|Any CPU
		{C479288A-819B-41BC-AF2D-9C7ECA2287B3}.Debug|Any CPU.ActiveCfg = Debug|Any CPU
		{C479288A-819B-41BC-AF2D-9C7ECA2287B3}.Debug|Any CPU.Build.0 = Debug|Any CPU
		{C479288A-819B-41BC-AF2D-9C7ECA2287B3}.Release|Any CPU.ActiveCfg = Release|Any CPU
		{C479288A-819B-41BC-AF2D-9C7ECA2287B3}.Release|Any CPU.Build.0 = Release|Any CPU
		{C9F16D5C-42B0-4CCA-8E53-EA44AD23158D}.Debug|Any CPU.ActiveCfg = Debug|Any CPU
		{C9F16D5C-42B0-4CCA-8E53-EA44AD23158D}.Debug|Any CPU.Build.0 = Debug|Any CPU
		{C9F16D5C-42B0-4CCA-8E53-EA44AD23158D}.Release|Any CPU.ActiveCfg = Release|Any CPU
		{C9F16D5C-42B0-4CCA-8E53-EA44AD23158D}.Release|Any CPU.Build.0 = Release|Any CPU
		{BD876DAB-772E-4B79-8BD0-CA10B7C26F70}.Debug|Any CPU.ActiveCfg = Debug|Any CPU
		{BD876DAB-772E-4B79-8BD0-CA10B7C26F70}.Debug|Any CPU.Build.0 = Debug|Any CPU
		{BD876DAB-772E-4B79-8BD0-CA10B7C26F70}.Release|Any CPU.ActiveCfg = Release|Any CPU
		{BD876DAB-772E-4B79-8BD0-CA10B7C26F70}.Release|Any CPU.Build.0 = Release|Any CPU
		{433A7C82-CC17-4CCA-99CA-2003DBED0EB2}.Debug|Any CPU.ActiveCfg = Debug|Any CPU
		{433A7C82-CC17-4CCA-99CA-2003DBED0EB2}.Debug|Any CPU.Build.0 = Debug|Any CPU
		{433A7C82-CC17-4CCA-99CA-2003DBED0EB2}.Release|Any CPU.ActiveCfg = Release|Any CPU
		{433A7C82-CC17-4CCA-99CA-2003DBED0EB2}.Release|Any CPU.Build.0 = Release|Any CPU
		{0788F99D-A6B5-4C8A-91BE-F0B9D21BB854}.Debug|Any CPU.ActiveCfg = Debug|Any CPU
		{0788F99D-A6B5-4C8A-91BE-F0B9D21BB854}.Debug|Any CPU.Build.0 = Debug|Any CPU
		{0788F99D-A6B5-4C8A-91BE-F0B9D21BB854}.Release|Any CPU.ActiveCfg = Release|Any CPU
		{0788F99D-A6B5-4C8A-91BE-F0B9D21BB854}.Release|Any CPU.Build.0 = Release|Any CPU
	EndGlobalSection
	GlobalSection(SolutionProperties) = preSolution
		HideSolutionNode = FALSE
	EndGlobalSection
	GlobalSection(NestedProjects) = preSolution
		{462C3A7F-A71F-4A3E-8245-834362B8D192} = {14256675-5CBC-448B-84AD-0386719F507A}
		{DC0E64D3-A9D4-46C3-861F-41EE73005B2A} = {E6AED811-2D98-4973-8936-1207EC3E134C}
		{BA2E0F7F-3E3A-4933-822F-5FF45203DF0E} = {E6AED811-2D98-4973-8936-1207EC3E134C}
		{FC152C24-A355-4674-A513-D18F73930428} = {E6AED811-2D98-4973-8936-1207EC3E134C}
		{F6005FFF-6BB2-41D7-AEAE-7EDC3C4FF382} = {516A9240-89D4-46A6-971C-2CF79DB281CA}
		{C479288A-819B-41BC-AF2D-9C7ECA2287B3} = {FC152C24-A355-4674-A513-D18F73930428}
		{C9F16D5C-42B0-4CCA-8E53-EA44AD23158D} = {DC0E64D3-A9D4-46C3-861F-41EE73005B2A}
		{BD876DAB-772E-4B79-8BD0-CA10B7C26F70} = {BA2E0F7F-3E3A-4933-822F-5FF45203DF0E}
		{433A7C82-CC17-4CCA-99CA-2003DBED0EB2} = {D8382ECF-24DD-4B47-BF63-9B5D8A525673}
		{0788F99D-A6B5-4C8A-91BE-F0B9D21BB854} = {34BE1A67-1484-472D-AC5E-3B14C62CB83D}
	EndGlobalSection
	GlobalSection(ExtensibilityGlobals) = postSolution
		SolutionGuid = {FA3DEB21-A884-4EE4-B5C3-35208758CC7E}
	EndGlobalSection
EndGlobal
